
Microsoft Visual Studio Solution File, Format Version 12.00
# Visual Studio Version 17
VisualStudioVersion = 17.14.36310.24
MinimumVisualStudioVersion = 10.0.40219.1
Project("{FAE04EC0-301F-11D3-BF4B-00C04F79EFBC}") = "Aura", "Aura\Aura.csproj", "{7CAE8D06-DA1E-433E-B937-5C64E78FEA24}"
EndProject
Project("{54435603-DBB4-11D2-8724-00A0C9A8B90C}") = "AuraSetup", "AuraSetup\AuraSetup.vdproj", "{F22533E6-265A-FA40-2710-82C1A8B29BEA}"
EndProject
Global
	GlobalSection(SolutionConfigurationPlatforms) = preSolution
		Debug|Any CPU = Debug|Any CPU
		Release|Any CPU = Release|Any CPU
	EndGlobalSection
	GlobalSection(ProjectConfigurationPlatforms) = postSolution
		{7CAE8D06-DA1E-433E-B937-5C64E78FEA24}.Debug|Any CPU.ActiveCfg = Debug|Any CPU
		{7CAE8D06-DA1E-433E-B937-5C64E78FEA24}.Debug|Any CPU.Build.0 = Debug|Any CPU
		{7CAE8D06-DA1E-433E-B937-5C64E78FEA24}.Release|Any CPU.ActiveCfg = Release|Any CPU
		{7CAE8D06-DA1E-433E-B937-5C64E78FEA24}.Release|Any CPU.Build.0 = Release|Any CPU
		{F22533E6-265A-FA40-2710-82C1A8B29BEA}.Debug|Any CPU.ActiveCfg = Debug
		{F22533E6-265A-FA40-2710-82C1A8B29BEA}.Release|Any CPU.ActiveCfg = Release
	EndGlobalSection
	GlobalSection(SolutionProperties) = preSolution
		HideSolutionNode = FALSE
	EndGlobalSection
	GlobalSection(ExtensibilityGlobals) = postSolution
		SolutionGuid = {1CE5E53A-5FCE-45CA-BD10-03491381EE9C}
	EndGlobalSection
EndGlobal
